{
    "_meta": {
        "hash": {
            "sha256": "9b2775ea40f46a7f743d33eac7a0babc886c8ddba79bcf466c37c88523a6b460"
        },
        "pipfile-spec": 6,
        "requires": {
            "python_version": "3.11"
        },
        "sources": [
            {
                "name": "pypi",
                "url": "https://pypi.org/simple",
                "verify_ssl": true
            }
        ]
    },
    "default": {
        "appdirs": {
            "hashes": [
                "sha256:7d5d0167b2b1ba821647616af46a749d1c653740dd0d2415100fe26e27afdf41",
                "sha256:a841dacd6b99318a741b166adb07e19ee71a274450e68237b4650ca1055ab128"
            ],
            "version": "==1.4.4"
        },
        "argcomplete": {
            "hashes": [
                "sha256:35fa893a88deea85ea7b20d241100e64516d6af6d7b0ae2bed1d263d26f70948",
                "sha256:6c4c563f14f01440aaffa3eae13441c5db2357b5eec639abe7c0b15334627dff"
            ],
            "markers": "python_version >= '3.6'",
            "version": "==3.1.1"
        },
        "attrs": {
            "hashes": [
                "sha256:1f28b4522cdc2fb4256ac1a020c78acf9cba2c6b461ccd2c126f3aa8e8335d04",
                "sha256:6279836d581513a26f1bf235f9acd333bc9115683f14f7e8fae46c98fc50e015"
            ],
            "markers": "python_version >= '3.7'",
            "version": "==23.1.0"
        },
        "colorama": {
            "hashes": [
                "sha256:08695f5cb7ed6e0531a20572697297273c47b8cae5a63ffc6d6ed5c201be6e44",
                "sha256:4f1d9991f5acc0ca119f9d443620b77f9d6b33703e51011c16baf57afb285fc6"
            ],
            "markers": "python_version >= '2.7' and python_version not in '3.0, 3.1, 3.2, 3.3, 3.4, 3.5, 3.6'",
            "version": "==0.4.6"
        },
        "dotty-dict": {
            "hashes": [
                "sha256:4b016e03b8ae265539757a53eba24b9bfda506fb94fbce0bee843c6f05541a15",
                "sha256:5022d234d9922f13aa711b4950372a06a6d64cb6d6db9ba43d0ba133ebfce31f"
            ],
            "markers": "python_version >= '3.5' and python_version < '4.0'",
            "version": "==1.3.1"
        },
        "halo": {
            "hashes": [
                "sha256:5350488fb7d2aa7c31a1344120cee67a872901ce8858f60da7946cef96c208ab",
                "sha256:7b67a3521ee91d53b7152d4ee3452811e1d2a6321975137762eb3d70063cc9d6"
            ],
            "markers": "python_version >= '3.4'",
            "version": "==0.0.31"
        },
        "hid": {
            "hashes": [
                "sha256:11836b877e81ab68cdd3abc44f2e230f0e6146c7e17ac45c185b72e0159fc9c7",
                "sha256:1e954e7f7ab9b7c9dfc78db59504692c17db3b71249492b976b1525b97dbb0e8"
            ],
            "version": "==1.0.5"
        },
        "hjson": {
            "hashes": [
                "sha256:55af475a27cf83a7969c808399d7bccdec8fb836a07ddbd574587593b9cdcf75",
                "sha256:65713cdcf13214fb554eb8b4ef803419733f4f5e551047c9b711098ab7186b89"
            ],
            "version": "==3.1.0"
        },
        "jsonschema": {
            "hashes": [
                "sha256:043dc26a3845ff09d20e4420d6012a9c91c9aa8999fa184e7efcfeccb41e32cb",
                "sha256:6e1e7569ac13be8139b2dd2c21a55d350066ee3f80df06c608b398cdc6f30e8f"
            ],
            "markers": "python_version >= '3.8'",
            "version": "==4.19.0"
        },
        "jsonschema-specifications": {
            "hashes": [
                "sha256:05adf340b659828a004220a9613be00fa3f223f2b82002e273dee62fd50524b1",
                "sha256:c91a50404e88a1f6ba40636778e2ee08f6e24c5613fe4c53ac24578a5a7f72bb"
            ],
            "markers": "python_version >= '3.8'",
            "version": "==2023.7.1"
        },
        "log-symbols": {
            "hashes": [
                "sha256:4952106ff8b605ab7d5081dd2c7e6ca7374584eff7086f499c06edd1ce56dcca",
                "sha256:cf0bbc6fe1a8e53f0d174a716bc625c4f87043cc21eb55dd8a740cfe22680556"
            ],
            "version": "==0.0.14"
        },
        "milc": {
            "hashes": [
                "sha256:a2ac93a771c1ff2304a1a5d7c28d13b07986d39e8099adb1408c8e62c46bdcde",
                "sha256:d72282b5a6cdba4498b31fe26710e1cafcd07086e7f5201a7ba001fbf7b2ce81"
            ],
            "version": "==1.6.8"
        },
        "pillow": {
            "hashes": [
                "sha256:00e65f5e822decd501e374b0650146063fbb30a7264b4d2744bdd7b913e0cab5",
                "sha256:040586f7d37b34547153fa383f7f9aed68b738992380ac911447bb78f2abe530",
                "sha256:0b6eb5502f45a60a3f411c63187db83a3d3107887ad0d036c13ce836f8a36f1d",
                "sha256:1ce91b6ec08d866b14413d3f0bbdea7e24dfdc8e59f562bb77bc3fe60b6144ca",
                "sha256:1f62406a884ae75fb2f818694469519fb685cc7eaff05d3451a9ebe55c646891",
                "sha256:22c10cc517668d44b211717fd9775799ccec4124b9a7f7b3635fc5386e584992",
                "sha256:3400aae60685b06bb96f99a21e1ada7bc7a413d5f49bce739828ecd9391bb8f7",
                "sha256:349930d6e9c685c089284b013478d6f76e3a534e36ddfa912cde493f235372f3",
                "sha256:368ab3dfb5f49e312231b6f27b8820c823652b7cd29cfbd34090565a015e99ba",
                "sha256:38250a349b6b390ee6047a62c086d3817ac69022c127f8a5dc058c31ccef17f3",
                "sha256:3a684105f7c32488f7153905a4e3015a3b6c7182e106fe3c37fbb5ef3e6994c3",
                "sha256:3a82c40d706d9aa9734289740ce26460a11aeec2d9c79b7af87bb35f0073c12f",
                "sha256:3b08d4cc24f471b2c8ca24ec060abf4bebc6b144cb89cba638c720546b1cf538",
                "sha256:3ed64f9ca2f0a95411e88a4efbd7a29e5ce2cea36072c53dd9d26d9c76f753b3",
                "sha256:3f07ea8d2f827d7d2a49ecf1639ec02d75ffd1b88dcc5b3a61bbb37a8759ad8d",
                "sha256:520f2a520dc040512699f20fa1c363eed506e94248d71f85412b625026f6142c",
                "sha256:5c6e3df6bdd396749bafd45314871b3d0af81ff935b2d188385e970052091017",
                "sha256:608bfdee0d57cf297d32bcbb3c728dc1da0907519d1784962c5f0c68bb93e5a3",
                "sha256:685ac03cc4ed5ebc15ad5c23bc555d68a87777586d970c2c3e216619a5476223",
                "sha256:76de421f9c326da8f43d690110f0e79fe3ad1e54be811545d7d91898b4c8493e",
                "sha256:76edb0a1fa2b4745fb0c99fb9fb98f8b180a1bbceb8be49b087e0b21867e77d3",
                "sha256:7be600823e4c8631b74e4a0d38384c73f680e6105a7d3c6824fcf226c178c7e6",
                "sha256:81ff539a12457809666fef6624684c008e00ff6bf455b4b89fd00a140eecd640",
                "sha256:88af2003543cc40c80f6fca01411892ec52b11021b3dc22ec3bc9d5afd1c5334",
                "sha256:8c11160913e3dd06c8ffdb5f233a4f254cb449f4dfc0f8f4549eda9e542c93d1",
                "sha256:8f8182b523b2289f7c415f589118228d30ac8c355baa2f3194ced084dac2dbba",
                "sha256:9211e7ad69d7c9401cfc0e23d49b69ca65ddd898976d660a2fa5904e3d7a9baa",
                "sha256:92be919bbc9f7d09f7ae343c38f5bb21c973d2576c1d45600fce4b74bafa7ac0",
                "sha256:9c82b5b3e043c7af0d95792d0d20ccf68f61a1fec6b3530e718b688422727396",
                "sha256:9f7c16705f44e0504a3a2a14197c1f0b32a95731d251777dcb060aa83022cb2d",
                "sha256:9fb218c8a12e51d7ead2a7c9e101a04982237d4855716af2e9499306728fb485",
                "sha256:a74ba0c356aaa3bb8e3eb79606a87669e7ec6444be352870623025d75a14a2bf",
                "sha256:b4f69b3700201b80bb82c3a97d5e9254084f6dd5fb5b16fc1a7b974260f89f43",
                "sha256:bc2ec7c7b5d66b8ec9ce9f720dbb5fa4bace0f545acd34870eff4a369b44bf37",
                "sha256:c189af0545965fa8d3b9613cfdb0cd37f9d71349e0f7750e1fd704648d475ed2",
                "sha256:c1fbe7621c167ecaa38ad29643d77a9ce7311583761abf7836e1510c580bf3dd",
                "sha256:c7cf14a27b0d6adfaebb3ae4153f1e516df54e47e42dcc073d7b3d76111a8d86",
                "sha256:c9f72a021fbb792ce98306ffb0c348b3c9cb967dce0f12a49aa4c3d3fdefa967",
                "sha256:cd25d2a9d2b36fcb318882481367956d2cf91329f6892fe5d385c346c0649629",
                "sha256:ce543ed15570eedbb85df19b0a1a7314a9c8141a36ce089c0a894adbfccb4568",
                "sha256:ce7b031a6fc11365970e6a5686d7ba8c63e4c1cf1ea143811acbb524295eabed",
                "sha256:d35e3c8d9b1268cbf5d3670285feb3528f6680420eafe35cccc686b73c1e330f",
                "sha256:d50b6aec14bc737742ca96e85d6d0a5f9bfbded018264b3b70ff9d8c33485551",
                "sha256:d5d0dae4cfd56969d23d94dc8e89fb6a217be461c69090768227beb8ed28c0a3",
                "sha256:d5db32e2a6ccbb3d34d87c87b432959e0db29755727afb37290e10f6e8e62614",
                "sha256:d72e2ecc68a942e8cf9739619b7f408cc7b272b279b56b2c83c6123fcfa5cdff",
                "sha256:d737a602fbd82afd892ca746392401b634e278cb65d55c4b7a8f48e9ef8d008d",
                "sha256:d80cf684b541685fccdd84c485b31ce73fc5c9b5d7523bf1394ce134a60c6883",
                "sha256:db24668940f82321e746773a4bc617bfac06ec831e5c88b643f91f122a785684",
                "sha256:dbc02381779d412145331789b40cc7b11fdf449e5d94f6bc0b080db0a56ea3f0",
                "sha256:dffe31a7f47b603318c609f378ebcd57f1554a3a6a8effbc59c3c69f804296de",
                "sha256:edf4392b77bdc81f36e92d3a07a5cd072f90253197f4a52a55a8cec48a12483b",
                "sha256:efe8c0681042536e0d06c11f48cebe759707c9e9abf880ee213541c5b46c5bf3",
                "sha256:f31f9fdbfecb042d046f9d91270a0ba28368a723302786c0009ee9b9f1f60199",
                "sha256:f88a0b92277de8e3ca715a0d79d68dc82807457dae3ab8699c758f07c20b3c51",
                "sha256:faaf07ea35355b01a35cb442dd950d8f1bb5b040a7787791a535de13db15ed90"
            ],
            "markers": "python_version >= '3.8'",
            "version": "==10.0.0"
        },
        "pygments": {
            "hashes": [
                "sha256:13fc09fa63bc8d8671a6d247e1eb303c4b343eaee81d861f3404db2935653692",
                "sha256:1daff0494820c69bc8941e407aa20f577374ee88364ee10a98fdbe0aece96e29"
            ],
            "markers": "python_version >= '3.7'",
            "version": "==2.16.1"
        },
        "pyserial": {
            "hashes": [
                "sha256:3c77e014170dfffbd816e6ffc205e9842efb10be9f58ec16d3e8675b4925cddb",
                "sha256:c4451db6ba391ca6ca299fb3ec7bae67a5c55dde170964c7a14ceefec02f2cf0"
            ],
            "version": "==3.5"
        },
        "pyusb": {
            "hashes": [
                "sha256:2b4c7cb86dbadf044dfb9d3a4ff69fd217013dbe78a792177a3feb172449ea36",
                "sha256:a4cc7404a203144754164b8b40994e2849fde1cfff06b08492f12fff9d9de7b9"
            ],
            "markers": "python_full_version >= '3.6.0'",
            "version": "==1.2.1"
        },
        "qmk": {
            "hashes": [
                "sha256:c5a8dd46d7c3e474d5140ce89f117285d65b3eda0fed0a5d8fd554afbd71cf56",
                "sha256:f871f88f1a0ca31ba31a009d716417e46bc538a4f8df8ede6a801c9076c22998"
            ],
            "index": "pypi",
            "markers": "python_version >= '3.7'",
            "version": "==1.1.2"
        },
        "referencing": {
            "hashes": [
                "sha256:449b6669b6121a9e96a7f9e410b245d471e8d48964c67113ce9afe50c8dd7bdf",
                "sha256:794ad8003c65938edcdbc027f1933215e0d0ccc0291e3ce20a4d87432b59efc0"
            ],
            "markers": "python_version >= '3.8'",
            "version": "==0.30.2"
        },
        "rpds-py": {
            "hashes": [
                "sha256:015de2ce2af1586ff5dc873e804434185199a15f7d96920ce67e50604592cae9",
                "sha256:061c3ff1f51ecec256e916cf71cc01f9975af8fb3af9b94d3c0cc8702cfea637",
                "sha256:08a80cf4884920863623a9ee9a285ee04cef57ebedc1cc87b3e3e0f24c8acfe5",
                "sha256:09362f86ec201288d5687d1dc476b07bf39c08478cde837cb710b302864e7ec9",
                "sha256:0bb4f48bd0dd18eebe826395e6a48b7331291078a879295bae4e5d053be50d4c",
                "sha256:106af1653007cc569d5fbb5f08c6648a49fe4de74c2df814e234e282ebc06957",
                "sha256:11fdd1192240dda8d6c5d18a06146e9045cb7e3ba7c06de6973000ff035df7c6",
                "sha256:16a472300bc6c83fe4c2072cc22b3972f90d718d56f241adabc7ae509f53f154",
                "sha256:176287bb998fd1e9846a9b666e240e58f8d3373e3bf87e7642f15af5405187b8",
                "sha256:177914f81f66c86c012311f8c7f46887ec375cfcfd2a2f28233a3053ac93a569",
                "sha256:177c9dd834cdf4dc39c27436ade6fdf9fe81484758885f2d616d5d03c0a83bd2",
                "sha256:187700668c018a7e76e89424b7c1042f317c8df9161f00c0c903c82b0a8cac5c",
                "sha256:1d9b5ee46dcb498fa3e46d4dfabcb531e1f2e76b477e0d99ef114f17bbd38453",
                "sha256:22da15b902f9f8e267020d1c8bcfc4831ca646fecb60254f7bc71763569f56b1",
                "sha256:24cd91a03543a0f8d09cb18d1cb27df80a84b5553d2bd94cba5979ef6af5c6e7",
                "sha256:255f1a10ae39b52122cce26ce0781f7a616f502feecce9e616976f6a87992d6b",
                "sha256:271c360fdc464fe6a75f13ea0c08ddf71a321f4c55fc20a3fe62ea3ef09df7d9",
                "sha256:2ed83d53a8c5902ec48b90b2ac045e28e1698c0bea9441af9409fc844dc79496",
                "sha256:2f3e1867dd574014253b4b8f01ba443b9c914e61d45f3674e452a915d6e929a3",
                "sha256:35fbd23c1c8732cde7a94abe7fb071ec173c2f58c0bd0d7e5b669fdfc80a2c7b",
                "sha256:37d0c59548ae56fae01c14998918d04ee0d5d3277363c10208eef8c4e2b68ed6",
                "sha256:39d05e65f23a0fe897b6ac395f2a8d48c56ac0f583f5d663e0afec1da89b95da",
                "sha256:3ad59efe24a4d54c2742929001f2d02803aafc15d6d781c21379e3f7f66ec842",
                "sha256:3aed39db2f0ace76faa94f465d4234aac72e2f32b009f15da6492a561b3bbebd",
                "sha256:3bbac1953c17252f9cc675bb19372444aadf0179b5df575ac4b56faaec9f6294",
                "sha256:40bc802a696887b14c002edd43c18082cb7b6f9ee8b838239b03b56574d97f71",
                "sha256:42f712b4668831c0cd85e0a5b5a308700fe068e37dcd24c0062904c4e372b093",
                "sha256:448a66b8266de0b581246ca7cd6a73b8d98d15100fb7165974535fa3b577340e",
                "sha256:485301ee56ce87a51ccb182a4b180d852c5cb2b3cb3a82f7d4714b4141119d8c",
                "sha256:485747ee62da83366a44fbba963c5fe017860ad408ccd6cd99aa66ea80d32b2e",
                "sha256:4cf0855a842c5b5c391dd32ca273b09e86abf8367572073bd1edfc52bc44446b",
                "sha256:4eca20917a06d2fca7628ef3c8b94a8c358f6b43f1a621c9815243462dcccf97",
                "sha256:4ed172d0c79f156c1b954e99c03bc2e3033c17efce8dd1a7c781bc4d5793dfac",
                "sha256:5267cfda873ad62591b9332fd9472d2409f7cf02a34a9c9cb367e2c0255994bf",
                "sha256:52b5cbc0469328e58180021138207e6ec91d7ca2e037d3549cc9e34e2187330a",
                "sha256:53d7a3cd46cdc1689296348cb05ffd4f4280035770aee0c8ead3bbd4d6529acc",
                "sha256:563646d74a4b4456d0cf3b714ca522e725243c603e8254ad85c3b59b7c0c4bf0",
                "sha256:570cc326e78ff23dec7f41487aa9c3dffd02e5ee9ab43a8f6ccc3df8f9327623",
                "sha256:5aca759ada6b1967fcfd4336dcf460d02a8a23e6abe06e90ea7881e5c22c4de6",
                "sha256:5de11c041486681ce854c814844f4ce3282b6ea1656faae19208ebe09d31c5b8",
                "sha256:5e271dd97c7bb8eefda5cca38cd0b0373a1fea50f71e8071376b46968582af9b",
                "sha256:642ed0a209ced4be3a46f8cb094f2d76f1f479e2a1ceca6de6346a096cd3409d",
                "sha256:6446002739ca29249f0beaaf067fcbc2b5aab4bc7ee8fb941bd194947ce19aff",
                "sha256:691d50c99a937709ac4c4cd570d959a006bd6a6d970a484c84cc99543d4a5bbb",
                "sha256:69b857a7d8bd4f5d6e0db4086da8c46309a26e8cefdfc778c0c5cc17d4b11e08",
                "sha256:6ac3fefb0d168c7c6cab24fdfc80ec62cd2b4dfd9e65b84bdceb1cb01d385c33",
                "sha256:6c9141af27a4e5819d74d67d227d5047a20fa3c7d4d9df43037a955b4c748ec5",
                "sha256:7170cbde4070dc3c77dec82abf86f3b210633d4f89550fa0ad2d4b549a05572a",
                "sha256:763ad59e105fca09705d9f9b29ecffb95ecdc3b0363be3bb56081b2c6de7977a",
                "sha256:77076bdc8776a2b029e1e6ffbe6d7056e35f56f5e80d9dc0bad26ad4a024a762",
                "sha256:7cd020b1fb41e3ab7716d4d2c3972d4588fdfbab9bfbbb64acc7078eccef8860",
                "sha256:821392559d37759caa67d622d0d2994c7a3f2fb29274948ac799d496d92bca73",
                "sha256:829e91f3a8574888b73e7a3feb3b1af698e717513597e23136ff4eba0bc8387a",
                "sha256:850c272e0e0d1a5c5d73b1b7871b0a7c2446b304cec55ccdb3eaac0d792bb065",
                "sha256:87d9b206b1bd7a0523375dc2020a6ce88bca5330682ae2fe25e86fd5d45cea9c",
                "sha256:8bd01ff4032abaed03f2db702fa9a61078bee37add0bd884a6190b05e63b028c",
                "sha256:8d54bbdf5d56e2c8cf81a1857250f3ea132de77af543d0ba5dce667183b61fec",
                "sha256:8efaeb08ede95066da3a3e3c420fcc0a21693fcd0c4396d0585b019613d28515",
                "sha256:8f94fdd756ba1f79f988855d948ae0bad9ddf44df296770d9a58c774cfbcca72",
                "sha256:95cde244e7195b2c07ec9b73fa4c5026d4a27233451485caa1cd0c1b55f26dbd",
                "sha256:975382d9aa90dc59253d6a83a5ca72e07f4ada3ae3d6c0575ced513db322b8ec",
                "sha256:9dd9d9d9e898b9d30683bdd2b6c1849449158647d1049a125879cb397ee9cd12",
                "sha256:a019a344312d0b1f429c00d49c3be62fa273d4a1094e1b224f403716b6d03be1",
                "sha256:a4d9bfda3f84fc563868fe25ca160c8ff0e69bc4443c5647f960d59400ce6557",
                "sha256:a657250807b6efd19b28f5922520ae002a54cb43c2401e6f3d0230c352564d25",
                "sha256:a771417c9c06c56c9d53d11a5b084d1de75de82978e23c544270ab25e7c066ff",
                "sha256:aad6ed9e70ddfb34d849b761fb243be58c735be6a9265b9060d6ddb77751e3e8",
                "sha256:ae87137951bb3dc08c7d8bfb8988d8c119f3230731b08a71146e84aaa919a7a9",
                "sha256:af247fd4f12cca4129c1b82090244ea5a9d5bb089e9a82feb5a2f7c6a9fe181d",
                "sha256:b5d4bdd697195f3876d134101c40c7d06d46c6ab25159ed5cbd44105c715278a",
                "sha256:b9255e7165083de7c1d605e818025e8860636348f34a79d84ec533546064f07e",
                "sha256:c22211c165166de6683de8136229721f3d5c8606cc2c3d1562da9a3a5058049c",
                "sha256:c55f9821f88e8bee4b7a72c82cfb5ecd22b6aad04033334f33c329b29bfa4da0",
                "sha256:c7aed97f2e676561416c927b063802c8a6285e9b55e1b83213dfd99a8f4f9e48",
                "sha256:cd2163f42868865597d89399a01aa33b7594ce8e2c4a28503127c81a2f17784e",
                "sha256:ce5e7504db95b76fc89055c7f41e367eaadef5b1d059e27e1d6eabf2b55ca314",
                "sha256:cff7351c251c7546407827b6a37bcef6416304fc54d12d44dbfecbb717064717",
                "sha256:d27aa6bbc1f33be920bb7adbb95581452cdf23005d5611b29a12bb6a3468cc95",
                "sha256:d3b52a67ac66a3a64a7e710ba629f62d1e26ca0504c29ee8cbd99b97df7079a8",
                "sha256:de61e424062173b4f70eec07e12469edde7e17fa180019a2a0d75c13a5c5dc57",
                "sha256:e10e6a1ed2b8661201e79dff5531f8ad4cdd83548a0f81c95cf79b3184b20c33",
                "sha256:e1a0ffc39f51aa5f5c22114a8f1906b3c17eba68c5babb86c5f77d8b1bba14d1",
                "sha256:e22491d25f97199fc3581ad8dd8ce198d8c8fdb8dae80dea3512e1ce6d5fa99f",
                "sha256:e626b864725680cd3904414d72e7b0bd81c0e5b2b53a5b30b4273034253bb41f",
                "sha256:e8c71ea77536149e36c4c784f6d420ffd20bea041e3ba21ed021cb40ce58e2c9",
                "sha256:e8d0f0eca087630d58b8c662085529781fd5dc80f0a54eda42d5c9029f812599",
                "sha256:ea65b59882d5fa8c74a23f8960db579e5e341534934f43f3b18ec1839b893e41",
                "sha256:ea93163472db26ac6043e8f7f93a05d9b59e0505c760da2a3cd22c7dd7111391",
                "sha256:eab75a8569a095f2ad470b342f2751d9902f7944704f0571c8af46bede438475",
                "sha256:ed8313809571a5463fd7db43aaca68ecb43ca7a58f5b23b6e6c6c5d02bdc7882",
                "sha256:ef5fddfb264e89c435be4adb3953cef5d2936fdeb4463b4161a6ba2f22e7b740",
                "sha256:ef750a20de1b65657a1425f77c525b0183eac63fe7b8f5ac0dd16f3668d3e64f",
                "sha256:efb9ece97e696bb56e31166a9dd7919f8f0c6b31967b454718c6509f29ef6fee",
                "sha256:f4c179a7aeae10ddf44c6bac87938134c1379c49c884529f090f9bf05566c836",
                "sha256:f602881d80ee4228a2355c68da6b296a296cd22bbb91e5418d54577bbf17fa7c",
                "sha256:fc2200e79d75b5238c8d69f6a30f8284290c777039d331e7340b6c17cad24a5a",
                "sha256:fcc1ebb7561a3e24a6588f7c6ded15d80aec22c66a070c757559b57b17ffd1cb"
            ],
            "markers": "python_version >= '3.8'",
            "version": "==0.10.3"
        },
        "setuptools": {
            "hashes": [
                "sha256:4ac1475276d2f1c48684874089fefcd83bd7162ddaafb81fac866ba0db282a87",
                "sha256:b454a35605876da60632df1a60f736524eb73cc47bbc9f3f1ef1b644de74fd2a"
            ],
            "markers": "python_version >= '3.8'",
            "version": "==68.2.2"
        },
        "six": {
            "hashes": [
                "sha256:1e61c37477a1626458e36f7b1d82aa5c9b094fa4802892072e49de9c60c4c926",
                "sha256:8abb2f1d86890a2dfb989f9a77cfcfd3e47c2a354b01111771326f8aa26e0254"
            ],
            "markers": "python_version >= '2.7' and python_version not in '3.0, 3.1, 3.2'",
            "version": "==1.16.0"
        },
        "spinners": {
            "hashes": [
                "sha256:1eb6aeb4781d72ab42ed8a01dcf20f3002bf50740d7154d12fb8c9769bf9e27f",
                "sha256:2fa30d0b72c9650ad12bbe031c9943b8d441e41b4f5602b0ec977a19f3290e98"
            ],
            "version": "==0.0.24"
        },
        "termcolor": {
            "hashes": [
                "sha256:3afb05607b89aed0ffe25202399ee0867ad4d3cb4180d98aaf8eefa6a5f7d475",
                "sha256:b5b08f68937f138fe92f6c089b99f1e2da0ae56c52b78bf7075fd95420fd9a5a"
            ],
            "markers": "python_version >= '3.7'",
            "version": "==2.3.0"
        }
    },
    "develop": {}
}
